# THIS IS AN AUTOGENERATED FILE. DO NOT EDIT THIS FILE DIRECTLY.
# yarn lockfile v1


"@types/bootstrap-datepicker@0.0.14":
  version "0.0.14"
  resolved "https://registry.yarnpkg.com/@types/bootstrap-datepicker/-/bootstrap-datepicker-0.0.14.tgz#89bc5816dd0b802bf8d4923cf5461e2c98cbb450"
  integrity sha512-ZBwEUuwYpehEHWtkaIDl55N3F6dPz6xEsoPW5esCZdtuhuZdNC/ebFV2n48kATcY5S2HD3V0O5/J8nuEgVk9fQ==
  dependencies:
    "@types/jquery" "*"

"@types/bootstrap@3.4.0":
  version "3.4.0"
  resolved "https://registry.yarnpkg.com/@types/bootstrap/-/bootstrap-3.4.0.tgz#7e74a2421b3984ce53ab459e979a99a78dd802c6"
  integrity sha512-LS05hVAAsX86qbHg7W+ydwBlNHrVCoFw6wEP3/uW4eYmRXl08bWmPeN/+onM+8qZTFfDgUlG/OItJI8SW972oQ==
  dependencies:
    "@types/jquery" "*"

"@types/datatables.net@^1.10.19":
  version "1.10.22"
  resolved "https://registry.yarnpkg.com/@types/datatables.net/-/datatables.net-1.10.22.tgz#2f2f03a659d316c70fc719dba0a3bb31c9e54b67"
  integrity sha512-4VWfa/NrGiP5cZlZCAQ3aQBlPPX5VXSBRfb3C1plrCv3RKEslKp2oBEy/kaS/93OaqgBuFZBh10pOzgPa7ZXgw==
  dependencies:
    "@types/jquery" "*"

"@types/ion-rangeslider@2.3.0":
  version "2.3.0"
  resolved "https://registry.yarnpkg.com/@types/ion-rangeslider/-/ion-rangeslider-2.3.0.tgz#dd089921c21acebc266c37e95d191e721ea21750"
  integrity sha512-u1k2Ekfg7E/ByCrtqtMk98g3QMXnMyIjCKU397YfjhWnTrms2BteoTanMqe0MJ1zyBBiP6+bwbc7P4cU+RiL+w==

"@types/jquery@*", "@types/jquery@patch:@types/jquery@3.5.5#./srcts/patch/types-jquery.patch":
  version "3.5.14"
  resolved "https://registry.yarnpkg.com/@types/jquery/-/jquery-3.5.14.tgz#ac8e11ee591e94d4d58da602cb3a5a8320dee577"
  integrity sha512-X1gtMRMbziVQkErhTQmSe2jFwwENA/Zr+PprCkF63vFq+Yt5PZ4AlKqgmeNlwgn7dhsXEK888eIW2520EpC+xg==
  dependencies:
    "@types/sizzle" "*"

"@types/rstudio-shiny@https://github.com/rstudio/shiny#v1.7.1":
  version "1.7.0"
  resolved "https://github.com/rstudio/shiny#00775b90e85f89b015e19cdea402ccd85d038a8a"
  dependencies:
    "@types/bootstrap" "3.4.0"
    "@types/bootstrap-datepicker" "0.0.14"
    "@types/datatables.net" "^1.10.19"
    "@types/ion-rangeslider" "2.3.0"
    "@types/jquery" "patch:@types/jquery@3.5.5#./srcts/patch/types-jquery.patch"
    "@types/selectize" "0.12.34"

"@types/selectize@0.12.34":
  version "0.12.34"
  resolved "https://registry.yarnpkg.com/@types/selectize/-/selectize-0.12.34.tgz#24a79e3176103019d2371ae9fc8487dcd1336cea"
  integrity sha512-OAXHsgsHBMJBHnB6QrFlHVa0+gCE5lgjdpwJDlJLRhrcsM4I2VXrm2vsG00//Rpdm4XgnX17vrBpjHlWOk1ALw==

"@types/sizzle@*":
  version "2.3.3"
  resolved "https://registry.yarnpkg.com/@types/sizzle/-/sizzle-2.3.3.tgz#ff5e2f1902969d305225a047c8a0fd5c915cebef"
  integrity sha512-JYM8x9EGF163bEyhdJBpR2QX1R5naCJHC8ucJylJ3w9/CVBaskdQ8WqBf8MmQrd1kRvp/a4TS8HJ+bxzR7ZJYQ==

esbuild-android-64@0.14.42:
  version "0.14.42"
  resolved "https://registry.yarnpkg.com/esbuild-android-64/-/esbuild-android-64-0.14.42.tgz#d7ab3d44d3671218d22bce52f65642b12908d954"
  integrity sha512-P4Y36VUtRhK/zivqGVMqhptSrFILAGlYp0Z8r9UQqHJ3iWztRCNWnlBzD9HRx0DbueXikzOiwyOri+ojAFfW6A==

esbuild-android-arm64@0.14.42:
  version "0.14.42"
  resolved "https://registry.yarnpkg.com/esbuild-android-arm64/-/esbuild-android-arm64-0.14.42.tgz#45336d8bec49abddb3a022996a23373f45a57c27"
  integrity sha512-0cOqCubq+RWScPqvtQdjXG3Czb3AWI2CaKw3HeXry2eoA2rrPr85HF7IpdU26UWdBXgPYtlTN1LUiuXbboROhg==

esbuild-darwin-64@0.14.42:
  version "0.14.42"
  resolved "https://registry.yarnpkg.com/esbuild-darwin-64/-/esbuild-darwin-64-0.14.42.tgz#6dff5e44cd70a88c33323e2f5fb598e40c68a9e0"
  integrity sha512-ipiBdCA3ZjYgRfRLdQwP82rTiv/YVMtW36hTvAN5ZKAIfxBOyPXY7Cejp3bMXWgzKD8B6O+zoMzh01GZsCuEIA==

esbuild-darwin-arm64@0.14.42:
  version "0.14.42"
  resolved "https://registry.yarnpkg.com/esbuild-darwin-arm64/-/esbuild-darwin-arm64-0.14.42.tgz#2c7313e1b12d2fa5b889c03213d682fb92ca8c4f"
  integrity sha512-bU2tHRqTPOaoH/4m0zYHbFWpiYDmaA0gt90/3BMEFaM0PqVK/a6MA2V/ypV5PO0v8QxN6gH5hBPY4YJ2lopXgA==

esbuild-freebsd-64@0.14.42:
  version "0.14.42"
  resolved "https://registry.yarnpkg.com/esbuild-freebsd-64/-/esbuild-freebsd-64-0.14.42.tgz#ad1c5a564a7e473b8ce95ee7f76618d05d6daffc"
  integrity sha512-75h1+22Ivy07+QvxHyhVqOdekupiTZVLN1PMwCDonAqyXd8TVNJfIRFrdL8QmSJrOJJ5h8H1I9ETyl2L8LQDaw==

esbuild-freebsd-arm64@0.14.42:
  version "0.14.42"
  resolved "https://registry.yarnpkg.com/esbuild-freebsd-arm64/-/esbuild-freebsd-arm64-0.14.42.tgz#4bdb480234144f944f1930829bace7561135ddc7"
  integrity sha512-W6Jebeu5TTDQMJUJVarEzRU9LlKpNkPBbjqSu+GUPTHDCly5zZEQq9uHkmHHl7OKm+mQ2zFySN83nmfCeZCyNA==

esbuild-linux-32@0.14.42:
  version "0.14.42"
  resolved "https://registry.yarnpkg.com/esbuild-linux-32/-/esbuild-linux-32-0.14.42.tgz#ef18fd19f067e9d2b5f677d6b82fa81519f5a8c2"
  integrity sha512-Ooy/Bj+mJ1z4jlWcK5Dl6SlPlCgQB9zg1UrTCeY8XagvuWZ4qGPyYEWGkT94HUsRi2hKsXvcs6ThTOjBaJSMfg==

esbuild-linux-64@0.14.42:
  version "0.14.42"
  resolved "https://registry.yarnpkg.com/esbuild-linux-64/-/esbuild-linux-64-0.14.42.tgz#d84e7333b1c1b22cf8b5b9dbb5dd9b2ecb34b79f"
  integrity sha512-2L0HbzQfbTuemUWfVqNIjOfaTRt9zsvjnme6lnr7/MO9toz/MJ5tZhjqrG6uDWDxhsaHI2/nsDgrv8uEEN2eoA==

esbuild-linux-arm64@0.14.42:
  version "0.14.42"
  resolved "https://registry.yarnpkg.com/esbuild-linux-arm64/-/esbuild-linux-arm64-0.14.42.tgz#dc19e282f8c4ffbaa470c02a4d171e4ae0180cca"
  integrity sha512-c3Ug3e9JpVr8jAcfbhirtpBauLxzYPpycjWulD71CF6ZSY26tvzmXMJYooQ2YKqDY4e/fPu5K8bm7MiXMnyxuA==

esbuild-linux-arm@0.14.42:
  version "0.14.42"
  resolved "https://registry.yarnpkg.com/esbuild-linux-arm/-/esbuild-linux-arm-0.14.42.tgz#d49870e63e2242b8156bf473f2ee5154226be328"
  integrity sha512-STq69yzCMhdRaWnh29UYrLSr/qaWMm/KqwaRF1pMEK7kDiagaXhSL1zQGXbYv94GuGY/zAwzK98+6idCMUOOCg==

esbuild-linux-mips64le@0.14.42:
  version "0.14.42"
  resolved "https://registry.yarnpkg.com/esbuild-linux-mips64le/-/esbuild-linux-mips64le-0.14.42.tgz#f4e6ff9bf8a6f175470498826f48d093b054fc22"
  integrity sha512-QuvpHGbYlkyXWf2cGm51LBCHx6eUakjaSrRpUqhPwjh/uvNUYvLmz2LgPTTPwCqaKt0iwL+OGVL0tXA5aDbAbg==

esbuild-linux-ppc64le@0.14.42:
  version "0.14.42"
  resolved "https://registry.yarnpkg.com/esbuild-linux-ppc64le/-/esbuild-linux-ppc64le-0.14.42.tgz#ac9c66fc80ba9f8fda15a4cc08f4e55f6c0aed63"
  integrity sha512-8ohIVIWDbDT+i7lCx44YCyIRrOW1MYlks9fxTo0ME2LS/fxxdoJBwHWzaDYhjvf8kNpA+MInZvyOEAGoVDrMHg==

esbuild-linux-riscv64@0.14.42:
  version "0.14.42"
  resolved "https://registry.yarnpkg.com/esbuild-linux-riscv64/-/esbuild-linux-riscv64-0.14.42.tgz#21e0ae492a3a9bf4eecbfc916339a66e204256d0"
  integrity sha512-DzDqK3TuoXktPyG1Lwx7vhaF49Onv3eR61KwQyxYo4y5UKTpL3NmuarHSIaSVlTFDDpcIajCDwz5/uwKLLgKiQ==

esbuild-linux-s390x@0.14.42:
  version "0.14.42"
  resolved "https://registry.yarnpkg.com/esbuild-linux-s390x/-/esbuild-linux-s390x-0.14.42.tgz#06d40b957250ffd9a2183bfdfc9a03d6fd21b3e8"
  integrity sha512-YFRhPCxl8nb//Wn6SiS5pmtplBi4z9yC2gLrYoYI/tvwuB1jldir9r7JwAGy1Ck4D7sE7wBN9GFtUUX/DLdcEQ==

esbuild-netbsd-64@0.14.42:
  version "0.14.42"
  resolved "https://registry.yarnpkg.com/esbuild-netbsd-64/-/esbuild-netbsd-64-0.14.42.tgz#185664f05f10914f14ed43bd9e22b7de584267f7"
  integrity sha512-QYSD2k+oT9dqB/4eEM9c+7KyNYsIPgzYOSrmfNGDIyJrbT1d+CFVKvnKahDKNJLfOYj8N4MgyFaU9/Ytc6w5Vw==

esbuild-openbsd-64@0.14.42:
  version "0.14.42"
  resolved "https://registry.yarnpkg.com/esbuild-openbsd-64/-/esbuild-openbsd-64-0.14.42.tgz#c29006f659eb4e55283044bbbd4eb4054fae8839"
  integrity sha512-M2meNVIKWsm2HMY7+TU9AxM7ZVwI9havdsw6m/6EzdXysyCFFSoaTQ/Jg03izjCsK17FsVRHqRe26Llj6x0MNA==

esbuild-sunos-64@0.14.42:
  version "0.14.42"
  resolved "https://registry.yarnpkg.com/esbuild-sunos-64/-/esbuild-sunos-64-0.14.42.tgz#aa9eec112cd1e7105e7bb37000eca7d460083f8f"
  integrity sha512-uXV8TAZEw36DkgW8Ak3MpSJs1ofBb3Smkc/6pZ29sCAN1KzCAQzsje4sUwugf+FVicrHvlamCOlFZIXgct+iqQ==

esbuild-windows-32@0.14.42:
  version "0.14.42"
  resolved "https://registry.yarnpkg.com/esbuild-windows-32/-/esbuild-windows-32-0.14.42.tgz#c3fc450853c61a74dacc5679de301db23b73e61e"
  integrity sha512-4iw/8qWmRICWi9ZOnJJf9sYt6wmtp3hsN4TdI5NqgjfOkBVMxNdM9Vt3626G1Rda9ya2Q0hjQRD9W1o+m6Lz6g==

esbuild-windows-64@0.14.42:
  version "0.14.42"
  resolved "https://registry.yarnpkg.com/esbuild-windows-64/-/esbuild-windows-64-0.14.42.tgz#b877aa37ff47d9fcf0ccb1ca6a24b31475a5e555"
  integrity sha512-j3cdK+Y3+a5H0wHKmLGTJcq0+/2mMBHPWkItR3vytp/aUGD/ua/t2BLdfBIzbNN9nLCRL9sywCRpOpFMx3CxzA==

esbuild-windows-arm64@0.14.42:
  version "0.14.42"
  resolved "https://registry.yarnpkg.com/esbuild-windows-arm64/-/esbuild-windows-arm64-0.14.42.tgz#79da8744626f24bc016dc40d016950b5a4a2bac5"
  integrity sha512-+lRAARnF+hf8J0mN27ujO+VbhPbDqJ8rCcJKye4y7YZLV6C4n3pTRThAb388k/zqF5uM0lS5O201u0OqoWSicw==

esbuild@^0.14.42:
  version "0.14.42"
  resolved "https://registry.yarnpkg.com/esbuild/-/esbuild-0.14.42.tgz#98587df0b024d5f6341b12a1d735a2bff55e1836"
  integrity sha512-V0uPZotCEHokJdNqyozH6qsaQXqmZEOiZWrXnds/zaH/0SyrIayRXWRB98CENO73MIZ9T3HBIOsmds5twWtmgw==
  optionalDependencies:
    esbuild-android-64 "0.14.42"
    esbuild-android-arm64 "0.14.42"
    esbuild-darwin-64 "0.14.42"
    esbuild-darwin-arm64 "0.14.42"
    esbuild-freebsd-64 "0.14.42"
    esbuild-freebsd-arm64 "0.14.42"
    esbuild-linux-32 "0.14.42"
    esbuild-linux-64 "0.14.42"
    esbuild-linux-arm "0.14.42"
    esbuild-linux-arm64 "0.14.42"
    esbuild-linux-mips64le "0.14.42"
    esbuild-linux-ppc64le "0.14.42"
    esbuild-linux-riscv64 "0.14.42"
    esbuild-linux-s390x "0.14.42"
    esbuild-netbsd-64 "0.14.42"
    esbuild-openbsd-64 "0.14.42"
    esbuild-sunos-64 "0.14.42"
    esbuild-windows-32 "0.14.42"
    esbuild-windows-64 "0.14.42"
    esbuild-windows-arm64 "0.14.42"

jquery@^3.6.0:
  version "3.6.0"
  resolved "https://registry.yarnpkg.com/jquery/-/jquery-3.6.0.tgz#c72a09f15c1bdce142f49dbf1170bdf8adac2470"
  integrity sha512-JVzAR/AjBvVt2BmYhxRCSYysDsPcssdmTFnzyLEts9qNwmjmu4JTAMYubEfwVOSwpQ1I1sKKFcxhZCI2buerfw==

sortablejs@^1.15.0:
  version "1.15.0"
  resolved "https://registry.yarnpkg.com/sortablejs/-/sortablejs-1.15.0.tgz#53230b8aa3502bb77a29e2005808ffdb4a5f7e2a"
  integrity sha512-bv9qgVMjUMf89wAvM6AxVvS/4MX3sPeN0+agqShejLU5z5GX4C75ow1O2e5k4L6XItUyAK3gH6AxSbXrOM5e8w==
